
Microsoft Visual Studio Solution File, Format Version 12.00
# Visual Studio Version 17
VisualStudioVersion = 17.9.34902.65
MinimumVisualStudioVersion = 10.0.40219.1
Project("{FAE04EC0-301F-11D3-BF4B-00C04F79EFBC}") = "StringManipulation", "StringManipulation\StringManipulation.csproj", "{6FEAC5DA-1CA5-4783-8371-6D09C344EF6B}"
EndProject
Global
	GlobalSection(SolutionConfigurationPlatforms) = preSolution
		Debug|Any CPU = Debug|Any CPU
		Release|Any CPU = Release|Any CPU
	EndGlobalSection
	GlobalSection(ProjectConfigurationPlatforms) = postSolution
		{6FEAC5DA-1CA5-4783-8371-6D09C344EF6B}.Debug|Any CPU.ActiveCfg = Debug|Any CPU
		{6FEAC5DA-1CA5-4783-8371-6D09C344EF6B}.Debug|Any CPU.Build.0 = Debug|Any CPU
		{6FEAC5DA-1CA5-4783-8371-6D09C344EF6B}.Release|Any CPU.ActiveCfg = Release|Any CPU
		{6FEAC5DA-1CA5-4783-8371-6D09C344EF6B}.Release|Any CPU.Build.0 = Release|Any CPU
	EndGlobalSection
	GlobalSection(SolutionProperties) = preSolution
		HideSolutionNode = FALSE
	EndGlobalSection
	GlobalSection(ExtensibilityGlobals) = postSolution
		SolutionGuid = {3687EB42-7660-4B92-9BD4-A3439E971D09}
	EndGlobalSection
EndGlobal
